PODS:
  - Flutter (1.0.0)
  - Intercom (6.0.1)
  - intercom_flutter (2.1.1):
    - Flutter
    - Intercom (~> 6.0.1)

DEPENDENCIES:
  - Flutter (from `Flutter`)
  - intercom_flutter (from `.symlinks/plugins/intercom_flutter/ios`)

SPEC REPOS:
  trunk:
    - Intercom

EXTERNAL SOURCES:
  Flutter:
    :path: Flutter
  intercom_flutter:
    :path: ".symlinks/plugins/intercom_flutter/ios"

SPEC CHECKSUMS:
  Flutter: 0e3d915762c693b495b44d77113d4970485de6ec
  Intercom: f63e30d10c658b4f5817f5693e5ee2fa070b5803
  intercom_flutter: 45b06d70365ccae12227cbceeca36c6a23457f54

PODFILE CHECKSUM: a2b0bf7fe93e4e6b732ab20a6fda201dc8a23f90

COCOAPODS: 1.8.4
